
Microsoft Visual Studio Solution File, Format Version 12.00
# Visual Studio Version 16
VisualStudioVersion = 16.0.29230.47
MinimumVisualStudioVersion = 10.0.40219.1
Project("{FAE04EC0-301F-11D3-BF4B-00C04F79EFBC}") = "Prob3", "Prob3\Prob3.csproj", "{C9938230-9067-441F-A17D-5BCC27E8A150}"
EndProject
Project("{FAE04EC0-301F-11D3-BF4B-00C04F79EFBC}") = "Prob4", "Prob4\Prob4.csproj", "{33907929-222B-45E0-9D40-EFFD69C05858}"
EndProject
Project("{FAE04EC0-301F-11D3-BF4B-00C04F79EFBC}") = "Prob5", "Prob5\Prob5.csproj", "{283F9582-45B5-45D8-8849-14639E07AF06}"
EndProject
Global
	GlobalSection(SolutionConfigurationPlatforms) = preSolution
		Debug|Any CPU = Debug|Any CPU
		Release|Any CPU = Release|Any CPU
	EndGlobalSection
	GlobalSection(ProjectConfigurationPlatforms) = postSolution
		{C9938230-9067-441F-A17D-5BCC27E8A150}.Debug|Any CPU.ActiveCfg = Debug|Any CPU
		{C9938230-9067-441F-A17D-5BCC27E8A150}.Debug|Any CPU.Build.0 = Debug|Any CPU
		{C9938230-9067-441F-A17D-5BCC27E8A150}.Release|Any CPU.ActiveCfg = Release|Any CPU
		{C9938230-9067-441F-A17D-5BCC27E8A150}.Release|Any CPU.Build.0 = Release|Any CPU
		{33907929-222B-45E0-9D40-EFFD69C05858}.Debug|Any CPU.ActiveCfg = Debug|Any CPU
		{33907929-222B-45E0-9D40-EFFD69C05858}.Debug|Any CPU.Build.0 = Debug|Any CPU
		{33907929-222B-45E0-9D40-EFFD69C05858}.Release|Any CPU.ActiveCfg = Release|Any CPU
		{33907929-222B-45E0-9D40-EFFD69C05858}.Release|Any CPU.Build.0 = Release|Any CPU
		{283F9582-45B5-45D8-8849-14639E07AF06}.Debug|Any CPU.ActiveCfg = Debug|Any CPU
		{283F9582-45B5-45D8-8849-14639E07AF06}.Debug|Any CPU.Build.0 = Debug|Any CPU
		{283F9582-45B5-45D8-8849-14639E07AF06}.Release|Any CPU.ActiveCfg = Release|Any CPU
		{283F9582-45B5-45D8-8849-14639E07AF06}.Release|Any CPU.Build.0 = Release|Any CPU
	EndGlobalSection
	GlobalSection(SolutionProperties) = preSolution
		HideSolutionNode = FALSE
	EndGlobalSection
	GlobalSection(ExtensibilityGlobals) = postSolution
		SolutionGuid = {84E328D6-AB8E-4C90-81A6-2786A164E02C}
	EndGlobalSection
EndGlobal
